{
  "name": "gemini-cli-projects",
  "lockfileVersion": 3,
  "requires": true,
  "packages": {
    "": {\n      "dependencies": {\n        "fs-extra": "^11.3.4"\n      }\n    },\n    "node_modules/fs-extra": {\n      "version": "11.3.4",\n      "resolved": "https://registry.npmjs.org/fs-extra/-/fs-extra-11.3.4.tgz",\n      "integrity": "sha512-CTXd6rk/M3/ULNQj8FBqBWHYBVYybQ3VPBw0xGKFe3tuH7ytT6ACnvzpIQ3UZtB8yvUKC2cXn1a+x+5EVQLovA==",\n      "license": "MIT",\n      "dependencies": {\n        "graceful-fs": "^4.2.0",\n        "jsonfile": "^6.0.1",\n        "universalify": "^2.0.0"\n      },\n      "engines": {\n        "node": ">=14.14"\n      }\n    },\n    "node_modules/graceful-fs": {\n      "version": "4.2.11",\n      "resolved": "https://registry.npmjs.org/graceful-fs/-/graceful-fs-4.2.11.tgz",\n      "integrity": "sha512-RbJ5/jmFcNNCcDV5o9eTnBLJ/HszWV0P73bc+Ff4nS/rJj+YaS6IGyiOL0VoBYX+l1Wrl3k63h/KrH+nhJ0XvQ==",
      "license": "ISC"\n    },\n    "node_modules/jsonfile": {\n      "version": "6.2.0",\n      "resolved": "https://registry.npmjs.org/jsonfile/-/jsonfile-6.2.0.tgz",\n      "integrity": "sha512-FGuPw30AdOIUTRMC2OMRtQV+jkVj2cfPqSeWXv1NEAJ1qZ5zb1X6z1mFhbfOB/iy3ssJCD+3KuZ8r8C3uVFlAg==",
      "license": "MIT",
      "dependencies": {\n        "universalify": "^2.0.0"\n      },\n      "optionalDependencies": {\n        "graceful-fs": "^4.1.6"\n      }\n    },\n    "node_modules/universalify": {\n      "version": "2.0.1",\n      "resolved": "https://registry.npmjs.org/universalify/-/universalify-2.0.1.tgz",\n      "integrity": "sha512-gptHNQghINnc/vTGIk0SOFGFNXw7JVrlRUtConJRlvaw6DuX0wO5Jeko9sWrMBhh+PsYAZ7oXAiOnf/UKogyiw==",
      "license": "MIT",
      "engines": {\n        "node": ">= 10.0.0"\n      }\n    }\n  }\n}\n